
Microsoft Visual Studio Solution File, Format Version 12.00
# Visual Studio 2012
Project("{FAE04EC0-301F-11D3-BF4B-00C04F79EFBC}") = "Ejercicio 13", "Ejercicio 13\Ejercicio 13.csproj", "{20E50568-C28E-493B-8B6F-9D43EF437BF3}"
EndProject
Project("{FAE04EC0-301F-11D3-BF4B-00C04F79EFBC}") = "Ejercicio17", "Ejercicio17\Ejercicio17.csproj", "{B619F671-4C48-4511-ABAC-C1B56E97C925}"
EndProject
Project("{FAE04EC0-301F-11D3-BF4B-00C04F79EFBC}") = "Ejercicio 16", "Ejercicio 16\Ejercicio 16\Ejercicio 16.csproj", "{EFEC7C4F-DD74-4D52-BBA8-5FA4C9C2B6E0}"
EndProject
Project("{FAE04EC0-301F-11D3-BF4B-00C04F79EFBC}") = "Ejercicio SOBRECARGAS", "Ejercicio SOBRECARGAS\Ejercicio SOBRECARGAS.csproj", "{250EF4F9-2217-453B-9030-12F83F97C7EF}"
EndProject
Project("{FAE04EC0-301F-11D3-BF4B-00C04F79EFBC}") = "Clase4 SobrecargaOperadores", "Clase4 SobrecargaOperadores\Clase4 SobrecargaOperadores.csproj", "{3ED7C1FE-18AB-4840-8AFE-4D8955A638F2}"
EndProject
Global
	GlobalSection(SolutionConfigurationPlatforms) = preSolution
		Debug|Any CPU = Debug|Any CPU
		Release|Any CPU = Release|Any CPU
	EndGlobalSection
	GlobalSection(ProjectConfigurationPlatforms) = postSolution
		{20E50568-C28E-493B-8B6F-9D43EF437BF3}.Debug|Any CPU.ActiveCfg = Debug|Any CPU
		{20E50568-C28E-493B-8B6F-9D43EF437BF3}.Debug|Any CPU.Build.0 = Debug|Any CPU
		{20E50568-C28E-493B-8B6F-9D43EF437BF3}.Release|Any CPU.ActiveCfg = Release|Any CPU
		{20E50568-C28E-493B-8B6F-9D43EF437BF3}.Release|Any CPU.Build.0 = Release|Any CPU
		{B619F671-4C48-4511-ABAC-C1B56E97C925}.Debug|Any CPU.ActiveCfg = Debug|Any CPU
		{B619F671-4C48-4511-ABAC-C1B56E97C925}.Debug|Any CPU.Build.0 = Debug|Any CPU
		{B619F671-4C48-4511-ABAC-C1B56E97C925}.Release|Any CPU.ActiveCfg = Release|Any CPU
		{B619F671-4C48-4511-ABAC-C1B56E97C925}.Release|Any CPU.Build.0 = Release|Any CPU
		{EFEC7C4F-DD74-4D52-BBA8-5FA4C9C2B6E0}.Debug|Any CPU.ActiveCfg = Debug|Any CPU
		{EFEC7C4F-DD74-4D52-BBA8-5FA4C9C2B6E0}.Debug|Any CPU.Build.0 = Debug|Any CPU
		{EFEC7C4F-DD74-4D52-BBA8-5FA4C9C2B6E0}.Release|Any CPU.ActiveCfg = Release|Any CPU
		{EFEC7C4F-DD74-4D52-BBA8-5FA4C9C2B6E0}.Release|Any CPU.Build.0 = Release|Any CPU
		{250EF4F9-2217-453B-9030-12F83F97C7EF}.Debug|Any CPU.ActiveCfg = Debug|Any CPU
		{250EF4F9-2217-453B-9030-12F83F97C7EF}.Debug|Any CPU.Build.0 = Debug|Any CPU
		{250EF4F9-2217-453B-9030-12F83F97C7EF}.Release|Any CPU.ActiveCfg = Release|Any CPU
		{250EF4F9-2217-453B-9030-12F83F97C7EF}.Release|Any CPU.Build.0 = Release|Any CPU
		{3ED7C1FE-18AB-4840-8AFE-4D8955A638F2}.Debug|Any CPU.ActiveCfg = Debug|Any CPU
		{3ED7C1FE-18AB-4840-8AFE-4D8955A638F2}.Debug|Any CPU.Build.0 = Debug|Any CPU
		{3ED7C1FE-18AB-4840-8AFE-4D8955A638F2}.Release|Any CPU.ActiveCfg = Release|Any CPU
		{3ED7C1FE-18AB-4840-8AFE-4D8955A638F2}.Release|Any CPU.Build.0 = Release|Any CPU
	EndGlobalSection
	GlobalSection(SolutionProperties) = preSolution
		HideSolutionNode = FALSE
	EndGlobalSection
EndGlobal
