
Microsoft Visual Studio Solution File, Format Version 12.00
# Visual Studio 2012
Project("{FAE04EC0-301F-11D3-BF4B-00C04F79EFBC}") = "Ahorcado_TP", "Ahorcado_TP\Ahorcado_TP.csproj", "{6D5A3AE8-1857-448C-8428-6DF188311AA9}"
EndProject
Project("{FAE04EC0-301F-11D3-BF4B-00C04F79EFBC}") = "Ahorcado.Palabras", "Ahorcado.Palabas\Ahorcado.Palabras.csproj", "{BFE0C0D2-0ECE-4956-856E-E8EFD83D4304}"
EndProject
Global
	GlobalSection(SolutionConfigurationPlatforms) = preSolution
		Debug|Any CPU = Debug|Any CPU
		Release|Any CPU = Release|Any CPU
	EndGlobalSection
	GlobalSection(ProjectConfigurationPlatforms) = postSolution
		{6D5A3AE8-1857-448C-8428-6DF188311AA9}.Debug|Any CPU.ActiveCfg = Debug|Any CPU
		{6D5A3AE8-1857-448C-8428-6DF188311AA9}.Debug|Any CPU.Build.0 = Debug|Any CPU
		{6D5A3AE8-1857-448C-8428-6DF188311AA9}.Release|Any CPU.ActiveCfg = Release|Any CPU
		{6D5A3AE8-1857-448C-8428-6DF188311AA9}.Release|Any CPU.Build.0 = Release|Any CPU
		{BFE0C0D2-0ECE-4956-856E-E8EFD83D4304}.Debug|Any CPU.ActiveCfg = Debug|Any CPU
		{BFE0C0D2-0ECE-4956-856E-E8EFD83D4304}.Debug|Any CPU.Build.0 = Debug|Any CPU
		{BFE0C0D2-0ECE-4956-856E-E8EFD83D4304}.Release|Any CPU.ActiveCfg = Release|Any CPU
		{BFE0C0D2-0ECE-4956-856E-E8EFD83D4304}.Release|Any CPU.Build.0 = Release|Any CPU
	EndGlobalSection
	GlobalSection(SolutionProperties) = preSolution
		HideSolutionNode = FALSE
	EndGlobalSection
EndGlobal
