
Microsoft Visual Studio Solution File, Format Version 12.00
# Visual Studio 2012
Project("{FAE04EC0-301F-11D3-BF4B-00C04F79EFBC}") = "Final2C_Ejercicio1_EXT_INT", "Pollola.LeandroPractica\Final2C_Ejercicio1_EXT_INT.csproj", "{12C4B9C7-3A6F-4B08-9A80-CBB8A6108588}"
EndProject
Project("{FAE04EC0-301F-11D3-BF4B-00C04F79EFBC}") = "Final2C_Ejercicio2_PILA", "Final2C_Ejercicio2\Final2C_Ejercicio2_PILA.csproj", "{7958619B-08B5-462D-B742-F21D24D7AF14}"
EndProject
Project("{FAE04EC0-301F-11D3-BF4B-00C04F79EFBC}") = "Final2C_Ejercicio3_ARRAY", "FINAL2C_Ejercicio3\Final2C_Ejercicio3_ARRAY.csproj", "{3C2B38F7-6E6B-4989-A5EF-D6333DEDB86F}"
EndProject
Project("{FAE04EC0-301F-11D3-BF4B-00C04F79EFBC}") = "Final2C_Ejercicio4_POLIMORF", "Final2C_Ejercicio4\Final2C_Ejercicio4_POLIMORF.csproj", "{4E312E56-716D-4041-8E01-2BAC3918DDDA}"
EndProject
Project("{FAE04EC0-301F-11D3-BF4B-00C04F79EFBC}") = "Final1C_Ejercicio1_PROP_INTERMEDIO", "Final1C_Ejercicio1\Final1C_Ejercicio1_PROP_INTERMEDIO.csproj", "{06589CA2-CE86-45FA-A857-959D76ADE8EA}"
EndProject
Project("{FAE04EC0-301F-11D3-BF4B-00C04F79EFBC}") = "Final1C_Ejercicio2_CONSTRUCTORES", "Final1C_Ejercicio2\Final1C_Ejercicio2_CONSTRUCTORES.csproj", "{88C08379-CB2B-4763-8286-C539125D4393}"
EndProject
Project("{FAE04EC0-301F-11D3-BF4B-00C04F79EFBC}") = "Final1C_Ejercicio3_CONVERSION_EXPL", "Final1C_Ejercicio3\Final1C_Ejercicio3_CONVERSION_EXPL.csproj", "{30CF012D-5617-4B7F-A6A6-4413AF4F4B1E}"
EndProject
Project("{FAE04EC0-301F-11D3-BF4B-00C04F79EFBC}") = "Final1C_Ejercicio4y5_PROP_EXCEP", "Final1C_Ejercicio4\Final1C_Ejercicio4y5_PROP_EXCEP.csproj", "{D837661F-33FE-4093-B54F-24E3FCD7308A}"
EndProject
Project("{FAE04EC0-301F-11D3-BF4B-00C04F79EFBC}") = "Final1C_Ejercicio6_EXC_BURBUJ", "Final1C_Ejercicio6\Final1C_Ejercicio6_EXC_BURBUJ.csproj", "{63A13427-642D-4823-81BD-B0958C46CDC6}"
EndProject
Project("{FAE04EC0-301F-11D3-BF4B-00C04F79EFBC}") = "Final1C_Ejercicio7_INTER_SERIAL", "Final1C_Ejercicio7\Final1C_Ejercicio7_INTER_SERIAL.csproj", "{2F0BA1E5-E800-46B6-99D6-0A3CA324F3F8}"
EndProject
Project("{FAE04EC0-301F-11D3-BF4B-00C04F79EFBC}") = "FinalLaboCUR_Ejercicio1_LIST", "FinalLaboCUR_Ejercicio1_LIST\FinalLaboCUR_Ejercicio1_LIST.csproj", "{B1B9FA1E-1C3C-49BA-A1B9-9136908CC3EB}"
EndProject
Project("{FAE04EC0-301F-11D3-BF4B-00C04F79EFBC}") = "FinalLaboCUR_Ejercicio2_INT_ENCA_HERE_LIST_POLIM", "FinalLaboCUR_Ejercicio2_TXT_INT_ENCA_HERE_LIST\FinalLaboCUR_Ejercicio2_INT_ENCA_HERE_LIST_POLIM.csproj", "{5C21321D-A572-4F70-8908-B07537BA5101}"
EndProject
Project("{FAE04EC0-301F-11D3-BF4B-00C04F79EFBC}") = "FinalLaboCUR_Ejercicio3_TXT_INTERF_LIST_EXC", "FinalLaboCUR_Ejercicio3_TXT_INTERF_LIST_EXC\FinalLaboCUR_Ejercicio3_TXT_INTERF_LIST_EXC.csproj", "{27205AB7-969C-4E72-B79E-AF3B1E282F5C}"
EndProject
Project("{FAE04EC0-301F-11D3-BF4B-00C04F79EFBC}") = "FinalLaboCUR_Ejercicio5_DESER_EXCEPC_FOLDER_CLASE", "FinalLaboCUR_Ejercicio_DESER_EXCEPC\FinalLaboCUR_Ejercicio5_DESER_EXCEPC_FOLDER_CLASE.csproj", "{C3C768FB-A3BF-4D2F-BBA0-D56E83853760}"
EndProject
Project("{FAE04EC0-301F-11D3-BF4B-00C04F79EFBC}") = "Final_2016-06-alumnos", "Final_2016-06-alumnos\Final_2016-06-alumnos.csproj", "{0A1405D4-44A1-438C-94FF-7ED48745F199}"
EndProject
Global
	GlobalSection(SolutionConfigurationPlatforms) = preSolution
		Debug|Any CPU = Debug|Any CPU
		Release|Any CPU = Release|Any CPU
	EndGlobalSection
	GlobalSection(ProjectConfigurationPlatforms) = postSolution
		{12C4B9C7-3A6F-4B08-9A80-CBB8A6108588}.Debug|Any CPU.ActiveCfg = Debug|Any CPU
		{12C4B9C7-3A6F-4B08-9A80-CBB8A6108588}.Debug|Any CPU.Build.0 = Debug|Any CPU
		{12C4B9C7-3A6F-4B08-9A80-CBB8A6108588}.Release|Any CPU.ActiveCfg = Release|Any CPU
		{12C4B9C7-3A6F-4B08-9A80-CBB8A6108588}.Release|Any CPU.Build.0 = Release|Any CPU
		{7958619B-08B5-462D-B742-F21D24D7AF14}.Debug|Any CPU.ActiveCfg = Debug|Any CPU
		{7958619B-08B5-462D-B742-F21D24D7AF14}.Debug|Any CPU.Build.0 = Debug|Any CPU
		{7958619B-08B5-462D-B742-F21D24D7AF14}.Release|Any CPU.ActiveCfg = Release|Any CPU
		{7958619B-08B5-462D-B742-F21D24D7AF14}.Release|Any CPU.Build.0 = Release|Any CPU
		{3C2B38F7-6E6B-4989-A5EF-D6333DEDB86F}.Debug|Any CPU.ActiveCfg = Debug|Any CPU
		{3C2B38F7-6E6B-4989-A5EF-D6333DEDB86F}.Debug|Any CPU.Build.0 = Debug|Any CPU
		{3C2B38F7-6E6B-4989-A5EF-D6333DEDB86F}.Release|Any CPU.ActiveCfg = Release|Any CPU
		{3C2B38F7-6E6B-4989-A5EF-D6333DEDB86F}.Release|Any CPU.Build.0 = Release|Any CPU
		{4E312E56-716D-4041-8E01-2BAC3918DDDA}.Debug|Any CPU.ActiveCfg = Debug|Any CPU
		{4E312E56-716D-4041-8E01-2BAC3918DDDA}.Debug|Any CPU.Build.0 = Debug|Any CPU
		{4E312E56-716D-4041-8E01-2BAC3918DDDA}.Release|Any CPU.ActiveCfg = Release|Any CPU
		{4E312E56-716D-4041-8E01-2BAC3918DDDA}.Release|Any CPU.Build.0 = Release|Any CPU
		{06589CA2-CE86-45FA-A857-959D76ADE8EA}.Debug|Any CPU.ActiveCfg = Debug|Any CPU
		{06589CA2-CE86-45FA-A857-959D76ADE8EA}.Debug|Any CPU.Build.0 = Debug|Any CPU
		{06589CA2-CE86-45FA-A857-959D76ADE8EA}.Release|Any CPU.ActiveCfg = Release|Any CPU
		{06589CA2-CE86-45FA-A857-959D76ADE8EA}.Release|Any CPU.Build.0 = Release|Any CPU
		{88C08379-CB2B-4763-8286-C539125D4393}.Debug|Any CPU.ActiveCfg = Debug|Any CPU
		{88C08379-CB2B-4763-8286-C539125D4393}.Debug|Any CPU.Build.0 = Debug|Any CPU
		{88C08379-CB2B-4763-8286-C539125D4393}.Release|Any CPU.ActiveCfg = Release|Any CPU
		{88C08379-CB2B-4763-8286-C539125D4393}.Release|Any CPU.Build.0 = Release|Any CPU
		{30CF012D-5617-4B7F-A6A6-4413AF4F4B1E}.Debug|Any CPU.ActiveCfg = Debug|Any CPU
		{30CF012D-5617-4B7F-A6A6-4413AF4F4B1E}.Debug|Any CPU.Build.0 = Debug|Any CPU
		{30CF012D-5617-4B7F-A6A6-4413AF4F4B1E}.Release|Any CPU.ActiveCfg = Release|Any CPU
		{30CF012D-5617-4B7F-A6A6-4413AF4F4B1E}.Release|Any CPU.Build.0 = Release|Any CPU
		{D837661F-33FE-4093-B54F-24E3FCD7308A}.Debug|Any CPU.ActiveCfg = Debug|Any CPU
		{D837661F-33FE-4093-B54F-24E3FCD7308A}.Debug|Any CPU.Build.0 = Debug|Any CPU
		{D837661F-33FE-4093-B54F-24E3FCD7308A}.Release|Any CPU.ActiveCfg = Release|Any CPU
		{D837661F-33FE-4093-B54F-24E3FCD7308A}.Release|Any CPU.Build.0 = Release|Any CPU
		{63A13427-642D-4823-81BD-B0958C46CDC6}.Debug|Any CPU.ActiveCfg = Debug|Any CPU
		{63A13427-642D-4823-81BD-B0958C46CDC6}.Debug|Any CPU.Build.0 = Debug|Any CPU
		{63A13427-642D-4823-81BD-B0958C46CDC6}.Release|Any CPU.ActiveCfg = Release|Any CPU
		{63A13427-642D-4823-81BD-B0958C46CDC6}.Release|Any CPU.Build.0 = Release|Any CPU
		{2F0BA1E5-E800-46B6-99D6-0A3CA324F3F8}.Debug|Any CPU.ActiveCfg = Debug|Any CPU
		{2F0BA1E5-E800-46B6-99D6-0A3CA324F3F8}.Debug|Any CPU.Build.0 = Debug|Any CPU
		{2F0BA1E5-E800-46B6-99D6-0A3CA324F3F8}.Release|Any CPU.ActiveCfg = Release|Any CPU
		{2F0BA1E5-E800-46B6-99D6-0A3CA324F3F8}.Release|Any CPU.Build.0 = Release|Any CPU
		{B1B9FA1E-1C3C-49BA-A1B9-9136908CC3EB}.Debug|Any CPU.ActiveCfg = Debug|Any CPU
		{B1B9FA1E-1C3C-49BA-A1B9-9136908CC3EB}.Debug|Any CPU.Build.0 = Debug|Any CPU
		{B1B9FA1E-1C3C-49BA-A1B9-9136908CC3EB}.Release|Any CPU.ActiveCfg = Release|Any CPU
		{B1B9FA1E-1C3C-49BA-A1B9-9136908CC3EB}.Release|Any CPU.Build.0 = Release|Any CPU
		{5C21321D-A572-4F70-8908-B07537BA5101}.Debug|Any CPU.ActiveCfg = Debug|Any CPU
		{5C21321D-A572-4F70-8908-B07537BA5101}.Debug|Any CPU.Build.0 = Debug|Any CPU
		{5C21321D-A572-4F70-8908-B07537BA5101}.Release|Any CPU.ActiveCfg = Release|Any CPU
		{5C21321D-A572-4F70-8908-B07537BA5101}.Release|Any CPU.Build.0 = Release|Any CPU
		{27205AB7-969C-4E72-B79E-AF3B1E282F5C}.Debug|Any CPU.ActiveCfg = Debug|Any CPU
		{27205AB7-969C-4E72-B79E-AF3B1E282F5C}.Debug|Any CPU.Build.0 = Debug|Any CPU
		{27205AB7-969C-4E72-B79E-AF3B1E282F5C}.Release|Any CPU.ActiveCfg = Release|Any CPU
		{27205AB7-969C-4E72-B79E-AF3B1E282F5C}.Release|Any CPU.Build.0 = Release|Any CPU
		{C3C768FB-A3BF-4D2F-BBA0-D56E83853760}.Debug|Any CPU.ActiveCfg = Debug|Any CPU
		{C3C768FB-A3BF-4D2F-BBA0-D56E83853760}.Debug|Any CPU.Build.0 = Debug|Any CPU
		{C3C768FB-A3BF-4D2F-BBA0-D56E83853760}.Release|Any CPU.ActiveCfg = Release|Any CPU
		{C3C768FB-A3BF-4D2F-BBA0-D56E83853760}.Release|Any CPU.Build.0 = Release|Any CPU
		{0A1405D4-44A1-438C-94FF-7ED48745F199}.Debug|Any CPU.ActiveCfg = Debug|Any CPU
		{0A1405D4-44A1-438C-94FF-7ED48745F199}.Debug|Any CPU.Build.0 = Debug|Any CPU
		{0A1405D4-44A1-438C-94FF-7ED48745F199}.Release|Any CPU.ActiveCfg = Release|Any CPU
		{0A1405D4-44A1-438C-94FF-7ED48745F199}.Release|Any CPU.Build.0 = Release|Any CPU
	EndGlobalSection
	GlobalSection(SolutionProperties) = preSolution
		HideSolutionNode = FALSE
	EndGlobalSection
EndGlobal
