
Microsoft Visual Studio Solution File, Format Version 12.00
# Visual Studio 2012
Project("{FAE04EC0-301F-11D3-BF4B-00C04F79EFBC}") = "Entidades", "Entidades\Entidades.csproj", "{B3071E3C-9819-44FA-BA83-50ED08214D90}"
EndProject
Project("{FAE04EC0-301F-11D3-BF4B-00C04F79EFBC}") = "PaletaTemperaWF", "PaletaTemperaWF\PaletaTemperaWF.csproj", "{49E84C82-05DF-4A79-B94D-C6BA84ECD507}"
EndProject
Global
	GlobalSection(SolutionConfigurationPlatforms) = preSolution
		Debug|Any CPU = Debug|Any CPU
		Release|Any CPU = Release|Any CPU
	EndGlobalSection
	GlobalSection(ProjectConfigurationPlatforms) = postSolution
		{B3071E3C-9819-44FA-BA83-50ED08214D90}.Debug|Any CPU.ActiveCfg = Debug|Any CPU
		{B3071E3C-9819-44FA-BA83-50ED08214D90}.Debug|Any CPU.Build.0 = Debug|Any CPU
		{B3071E3C-9819-44FA-BA83-50ED08214D90}.Release|Any CPU.ActiveCfg = Release|Any CPU
		{B3071E3C-9819-44FA-BA83-50ED08214D90}.Release|Any CPU.Build.0 = Release|Any CPU
		{49E84C82-05DF-4A79-B94D-C6BA84ECD507}.Debug|Any CPU.ActiveCfg = Debug|Any CPU
		{49E84C82-05DF-4A79-B94D-C6BA84ECD507}.Debug|Any CPU.Build.0 = Debug|Any CPU
		{49E84C82-05DF-4A79-B94D-C6BA84ECD507}.Release|Any CPU.ActiveCfg = Release|Any CPU
		{49E84C82-05DF-4A79-B94D-C6BA84ECD507}.Release|Any CPU.Build.0 = Release|Any CPU
	EndGlobalSection
	GlobalSection(SolutionProperties) = preSolution
		HideSolutionNode = FALSE
	EndGlobalSection
EndGlobal
