
Microsoft Visual Studio Solution File, Format Version 12.00
# Visual Studio 2012
Project("{FAE04EC0-301F-11D3-BF4B-00C04F79EFBC}") = "EjercicioClase2", "Clase2\EjercicioClase2.csproj", "{5D9CCDA0-9FAA-4A47-9BE9-0233C81A58AB}"
EndProject
Project("{FAE04EC0-301F-11D3-BF4B-00C04F79EFBC}") = "Ejercicio15", "Ejercicio15\Ejercicio15.csproj", "{FDA00798-1293-439F-AA17-01C86C0138B2}"
EndProject
Global
	GlobalSection(SolutionConfigurationPlatforms) = preSolution
		Debug|Any CPU = Debug|Any CPU
		Release|Any CPU = Release|Any CPU
	EndGlobalSection
	GlobalSection(ProjectConfigurationPlatforms) = postSolution
		{5D9CCDA0-9FAA-4A47-9BE9-0233C81A58AB}.Debug|Any CPU.ActiveCfg = Debug|Any CPU
		{5D9CCDA0-9FAA-4A47-9BE9-0233C81A58AB}.Debug|Any CPU.Build.0 = Debug|Any CPU
		{5D9CCDA0-9FAA-4A47-9BE9-0233C81A58AB}.Release|Any CPU.ActiveCfg = Release|Any CPU
		{5D9CCDA0-9FAA-4A47-9BE9-0233C81A58AB}.Release|Any CPU.Build.0 = Release|Any CPU
		{FDA00798-1293-439F-AA17-01C86C0138B2}.Debug|Any CPU.ActiveCfg = Debug|Any CPU
		{FDA00798-1293-439F-AA17-01C86C0138B2}.Debug|Any CPU.Build.0 = Debug|Any CPU
		{FDA00798-1293-439F-AA17-01C86C0138B2}.Release|Any CPU.ActiveCfg = Release|Any CPU
		{FDA00798-1293-439F-AA17-01C86C0138B2}.Release|Any CPU.Build.0 = Release|Any CPU
	EndGlobalSection
	GlobalSection(SolutionProperties) = preSolution
		HideSolutionNode = FALSE
	EndGlobalSection
EndGlobal
