
Microsoft Visual Studio Solution File, Format Version 12.00
# Visual Studio 2012
Project("{FAE04EC0-301F-11D3-BF4B-00C04F79EFBC}") = "Clase7", "Clase7\Clase7.csproj", "{5176C847-1C41-4F2A-8570-CAFB683AEE42}"
EndProject
Global
	GlobalSection(SolutionConfigurationPlatforms) = preSolution
		Debug|Any CPU = Debug|Any CPU
		Release|Any CPU = Release|Any CPU
	EndGlobalSection
	GlobalSection(ProjectConfigurationPlatforms) = postSolution
		{5176C847-1C41-4F2A-8570-CAFB683AEE42}.Debug|Any CPU.ActiveCfg = Debug|Any CPU
		{5176C847-1C41-4F2A-8570-CAFB683AEE42}.Debug|Any CPU.Build.0 = Debug|Any CPU
		{5176C847-1C41-4F2A-8570-CAFB683AEE42}.Release|Any CPU.ActiveCfg = Release|Any CPU
		{5176C847-1C41-4F2A-8570-CAFB683AEE42}.Release|Any CPU.Build.0 = Release|Any CPU
	EndGlobalSection
	GlobalSection(SolutionProperties) = preSolution
		HideSolutionNode = FALSE
	EndGlobalSection
EndGlobal
