
Microsoft Visual Studio Solution File, Format Version 10.00
# Visual Studio 2008
Project("{FAE04EC0-301F-11D3-BF4B-00C04F79EFBC}") = "Sobrecarga-Metodos", "Sobrecarga-Metodos\Sobrecarga-Metodos.csproj", "{12EA52E9-8541-433A-A049-9F61ED966021}"
EndProject
Project("{FAE04EC0-301F-11D3-BF4B-00C04F79EFBC}") = "Sobrecarga-Constructores", "Sobrecarga-Constructores\Sobrecarga-Constructores.csproj", "{B4F10763-9AE2-481A-BF7A-342F67C08E40}"
EndProject
Project("{FAE04EC0-301F-11D3-BF4B-00C04F79EFBC}") = "Sobrecarga-Operadores", "Sobrecarga-Operadores\Sobrecarga-Operadores.csproj", "{86C14D8D-7BBF-44E6-A49D-42AAEEE1BF29}"
EndProject
Global
	GlobalSection(SolutionConfigurationPlatforms) = preSolution
		Debug|Any CPU = Debug|Any CPU
		Release|Any CPU = Release|Any CPU
	EndGlobalSection
	GlobalSection(ProjectConfigurationPlatforms) = postSolution
		{12EA52E9-8541-433A-A049-9F61ED966021}.Debug|Any CPU.ActiveCfg = Debug|Any CPU
		{12EA52E9-8541-433A-A049-9F61ED966021}.Debug|Any CPU.Build.0 = Debug|Any CPU
		{12EA52E9-8541-433A-A049-9F61ED966021}.Release|Any CPU.ActiveCfg = Release|Any CPU
		{12EA52E9-8541-433A-A049-9F61ED966021}.Release|Any CPU.Build.0 = Release|Any CPU
		{B4F10763-9AE2-481A-BF7A-342F67C08E40}.Debug|Any CPU.ActiveCfg = Debug|Any CPU
		{B4F10763-9AE2-481A-BF7A-342F67C08E40}.Debug|Any CPU.Build.0 = Debug|Any CPU
		{B4F10763-9AE2-481A-BF7A-342F67C08E40}.Release|Any CPU.ActiveCfg = Release|Any CPU
		{B4F10763-9AE2-481A-BF7A-342F67C08E40}.Release|Any CPU.Build.0 = Release|Any CPU
		{86C14D8D-7BBF-44E6-A49D-42AAEEE1BF29}.Debug|Any CPU.ActiveCfg = Debug|Any CPU
		{86C14D8D-7BBF-44E6-A49D-42AAEEE1BF29}.Debug|Any CPU.Build.0 = Debug|Any CPU
		{86C14D8D-7BBF-44E6-A49D-42AAEEE1BF29}.Release|Any CPU.ActiveCfg = Release|Any CPU
		{86C14D8D-7BBF-44E6-A49D-42AAEEE1BF29}.Release|Any CPU.Build.0 = Release|Any CPU
	EndGlobalSection
	GlobalSection(SolutionProperties) = preSolution
		HideSolutionNode = FALSE
	EndGlobalSection
EndGlobal
