
Microsoft Visual Studio Solution File, Format Version 12.00
# Visual Studio 2012
Project("{FAE04EC0-301F-11D3-BF4B-00C04F79EFBC}") = "2017.Sobrecarga.Operadores", "2017.Sobrecarga.Operadores\2017.Sobrecarga.Operadores.csproj", "{0F54E299-92F0-4BCE-A056-AF6AA80E5A5C}"
EndProject
Project("{FAE04EC0-301F-11D3-BF4B-00C04F79EFBC}") = "TestSobrecargaOperadores", "TestSobrecargaOperadores\TestSobrecargaOperadores.csproj", "{FB8C5B0E-9C23-4F63-BDFE-ACDF9B1CB2AC}"
EndProject
Global
	GlobalSection(SolutionConfigurationPlatforms) = preSolution
		Debug|Any CPU = Debug|Any CPU
		Release|Any CPU = Release|Any CPU
	EndGlobalSection
	GlobalSection(ProjectConfigurationPlatforms) = postSolution
		{0F54E299-92F0-4BCE-A056-AF6AA80E5A5C}.Debug|Any CPU.ActiveCfg = Debug|Any CPU
		{0F54E299-92F0-4BCE-A056-AF6AA80E5A5C}.Debug|Any CPU.Build.0 = Debug|Any CPU
		{0F54E299-92F0-4BCE-A056-AF6AA80E5A5C}.Release|Any CPU.ActiveCfg = Release|Any CPU
		{0F54E299-92F0-4BCE-A056-AF6AA80E5A5C}.Release|Any CPU.Build.0 = Release|Any CPU
		{FB8C5B0E-9C23-4F63-BDFE-ACDF9B1CB2AC}.Debug|Any CPU.ActiveCfg = Debug|Any CPU
		{FB8C5B0E-9C23-4F63-BDFE-ACDF9B1CB2AC}.Debug|Any CPU.Build.0 = Debug|Any CPU
		{FB8C5B0E-9C23-4F63-BDFE-ACDF9B1CB2AC}.Release|Any CPU.ActiveCfg = Release|Any CPU
		{FB8C5B0E-9C23-4F63-BDFE-ACDF9B1CB2AC}.Release|Any CPU.Build.0 = Release|Any CPU
	EndGlobalSection
	GlobalSection(SolutionProperties) = preSolution
		HideSolutionNode = FALSE
	EndGlobalSection
EndGlobal
