
Microsoft Visual Studio Solution File, Format Version 12.00
# Visual Studio 2012
Project("{FAE04EC0-301F-11D3-BF4B-00C04F79EFBC}") = "CentralitaPolimorfismoPractica", "CentralitaPolimorfismoPractica.csproj", "{12DFDEFF-CD69-4060-80FB-1A012FAEC70B}"
EndProject
Global
	GlobalSection(SolutionConfigurationPlatforms) = preSolution
		Debug|Any CPU = Debug|Any CPU
		Release|Any CPU = Release|Any CPU
	EndGlobalSection
	GlobalSection(ProjectConfigurationPlatforms) = postSolution
		{12DFDEFF-CD69-4060-80FB-1A012FAEC70B}.Debug|Any CPU.ActiveCfg = Debug|Any CPU
		{12DFDEFF-CD69-4060-80FB-1A012FAEC70B}.Debug|Any CPU.Build.0 = Debug|Any CPU
		{12DFDEFF-CD69-4060-80FB-1A012FAEC70B}.Release|Any CPU.ActiveCfg = Release|Any CPU
		{12DFDEFF-CD69-4060-80FB-1A012FAEC70B}.Release|Any CPU.Build.0 = Release|Any CPU
	EndGlobalSection
	GlobalSection(SolutionProperties) = preSolution
		HideSolutionNode = FALSE
	EndGlobalSection
EndGlobal
