
Microsoft Visual Studio Solution File, Format Version 12.00
# Visual Studio 2012
Project("{FAE04EC0-301F-11D3-BF4B-00C04F79EFBC}") = "CentralitaHerencia", "CentralitaHerencia\CentralitaHerencia.csproj", "{DCEABC80-ACDF-4B3A-8E7D-53AA0F4B9CFF}"
EndProject
Project("{FAE04EC0-301F-11D3-BF4B-00C04F79EFBC}") = "CentralitaPolimorfismo", "CentralitaPolimorfismo\CentralitaPolimorfismo.csproj", "{3C0E0538-98DA-4D97-8CED-697C329E64BD}"
EndProject
Project("{FAE04EC0-301F-11D3-BF4B-00C04F79EFBC}") = "CentralitaSerializacion", "CentralitaSerializacion\CentralitaSerializacion.csproj", "{D85BE3F2-F7E9-4A58-B861-ADAC302FBCD8}"
EndProject
Global
	GlobalSection(SolutionConfigurationPlatforms) = preSolution
		Debug|Any CPU = Debug|Any CPU
		Release|Any CPU = Release|Any CPU
	EndGlobalSection
	GlobalSection(ProjectConfigurationPlatforms) = postSolution
		{DCEABC80-ACDF-4B3A-8E7D-53AA0F4B9CFF}.Debug|Any CPU.ActiveCfg = Debug|Any CPU
		{DCEABC80-ACDF-4B3A-8E7D-53AA0F4B9CFF}.Debug|Any CPU.Build.0 = Debug|Any CPU
		{DCEABC80-ACDF-4B3A-8E7D-53AA0F4B9CFF}.Release|Any CPU.ActiveCfg = Release|Any CPU
		{DCEABC80-ACDF-4B3A-8E7D-53AA0F4B9CFF}.Release|Any CPU.Build.0 = Release|Any CPU
		{3C0E0538-98DA-4D97-8CED-697C329E64BD}.Debug|Any CPU.ActiveCfg = Debug|Any CPU
		{3C0E0538-98DA-4D97-8CED-697C329E64BD}.Debug|Any CPU.Build.0 = Debug|Any CPU
		{3C0E0538-98DA-4D97-8CED-697C329E64BD}.Release|Any CPU.ActiveCfg = Release|Any CPU
		{3C0E0538-98DA-4D97-8CED-697C329E64BD}.Release|Any CPU.Build.0 = Release|Any CPU
		{D85BE3F2-F7E9-4A58-B861-ADAC302FBCD8}.Debug|Any CPU.ActiveCfg = Debug|Any CPU
		{D85BE3F2-F7E9-4A58-B861-ADAC302FBCD8}.Debug|Any CPU.Build.0 = Debug|Any CPU
		{D85BE3F2-F7E9-4A58-B861-ADAC302FBCD8}.Release|Any CPU.ActiveCfg = Release|Any CPU
		{D85BE3F2-F7E9-4A58-B861-ADAC302FBCD8}.Release|Any CPU.Build.0 = Release|Any CPU
	EndGlobalSection
	GlobalSection(SolutionProperties) = preSolution
		HideSolutionNode = FALSE
	EndGlobalSection
EndGlobal
