
Microsoft Visual Studio Solution File, Format Version 12.00
# Visual Studio 2012
Project("{FAE04EC0-301F-11D3-BF4B-00C04F79EFBC}") = "Graziano.Julian.2D", "Graziano.Julian.2D\Graziano.Julian.2D.csproj", "{8B095CA7-3297-481E-9680-AEDEE69AF6C7}"
EndProject
Project("{FAE04EC0-301F-11D3-BF4B-00C04F79EFBC}") = "Paraisos", "Paraisos\Paraisos.csproj", "{E1B9612F-D50B-44F5-9950-0039C7844FD2}"
EndProject
Global
	GlobalSection(SolutionConfigurationPlatforms) = preSolution
		Debug|Any CPU = Debug|Any CPU
		Release|Any CPU = Release|Any CPU
	EndGlobalSection
	GlobalSection(ProjectConfigurationPlatforms) = postSolution
		{8B095CA7-3297-481E-9680-AEDEE69AF6C7}.Debug|Any CPU.ActiveCfg = Debug|Any CPU
		{8B095CA7-3297-481E-9680-AEDEE69AF6C7}.Debug|Any CPU.Build.0 = Debug|Any CPU
		{8B095CA7-3297-481E-9680-AEDEE69AF6C7}.Release|Any CPU.ActiveCfg = Release|Any CPU
		{8B095CA7-3297-481E-9680-AEDEE69AF6C7}.Release|Any CPU.Build.0 = Release|Any CPU
		{E1B9612F-D50B-44F5-9950-0039C7844FD2}.Debug|Any CPU.ActiveCfg = Debug|Any CPU
		{E1B9612F-D50B-44F5-9950-0039C7844FD2}.Debug|Any CPU.Build.0 = Debug|Any CPU
		{E1B9612F-D50B-44F5-9950-0039C7844FD2}.Release|Any CPU.ActiveCfg = Release|Any CPU
		{E1B9612F-D50B-44F5-9950-0039C7844FD2}.Release|Any CPU.Build.0 = Release|Any CPU
	EndGlobalSection
	GlobalSection(SolutionProperties) = preSolution
		HideSolutionNode = FALSE
	EndGlobalSection
EndGlobal
