
Microsoft Visual Studio Solution File, Format Version 12.00
# Visual Studio 2012
Project("{FAE04EC0-301F-11D3-BF4B-00C04F79EFBC}") = "Clase5", "Clase5\Clase5.csproj", "{7333D3F3-86A1-4BF6-85E2-B5CA8CA1BA26}"
EndProject
Global
	GlobalSection(SolutionConfigurationPlatforms) = preSolution
		Debug|Any CPU = Debug|Any CPU
		Release|Any CPU = Release|Any CPU
	EndGlobalSection
	GlobalSection(ProjectConfigurationPlatforms) = postSolution
		{7333D3F3-86A1-4BF6-85E2-B5CA8CA1BA26}.Debug|Any CPU.ActiveCfg = Debug|Any CPU
		{7333D3F3-86A1-4BF6-85E2-B5CA8CA1BA26}.Debug|Any CPU.Build.0 = Debug|Any CPU
		{7333D3F3-86A1-4BF6-85E2-B5CA8CA1BA26}.Release|Any CPU.ActiveCfg = Release|Any CPU
		{7333D3F3-86A1-4BF6-85E2-B5CA8CA1BA26}.Release|Any CPU.Build.0 = Release|Any CPU
	EndGlobalSection
	GlobalSection(SolutionProperties) = preSolution
		HideSolutionNode = FALSE
	EndGlobalSection
EndGlobal
