
Microsoft Visual Studio Solution File, Format Version 12.00
# Visual Studio 2012
Project("{FAE04EC0-301F-11D3-BF4B-00C04F79EFBC}") = "Indexadores.2016", "Indexadores.2016\Indexadores.2016.csproj", "{DC56D3C9-C624-4BD0-8092-88A9F1C091B8}"
EndProject
Project("{FAE04EC0-301F-11D3-BF4B-00C04F79EFBC}") = "EjemplosVarios.2016", "EjemplosVarios.2016\EjemplosVarios.2016.csproj", "{6A89196F-6868-476F-B3A2-A823CCE2850A}"
EndProject
Global
	GlobalSection(SolutionConfigurationPlatforms) = preSolution
		Debug|Any CPU = Debug|Any CPU
		Release|Any CPU = Release|Any CPU
	EndGlobalSection
	GlobalSection(ProjectConfigurationPlatforms) = postSolution
		{DC56D3C9-C624-4BD0-8092-88A9F1C091B8}.Debug|Any CPU.ActiveCfg = Debug|Any CPU
		{DC56D3C9-C624-4BD0-8092-88A9F1C091B8}.Debug|Any CPU.Build.0 = Debug|Any CPU
		{DC56D3C9-C624-4BD0-8092-88A9F1C091B8}.Release|Any CPU.ActiveCfg = Release|Any CPU
		{DC56D3C9-C624-4BD0-8092-88A9F1C091B8}.Release|Any CPU.Build.0 = Release|Any CPU
		{6A89196F-6868-476F-B3A2-A823CCE2850A}.Debug|Any CPU.ActiveCfg = Debug|Any CPU
		{6A89196F-6868-476F-B3A2-A823CCE2850A}.Debug|Any CPU.Build.0 = Debug|Any CPU
		{6A89196F-6868-476F-B3A2-A823CCE2850A}.Release|Any CPU.ActiveCfg = Release|Any CPU
		{6A89196F-6868-476F-B3A2-A823CCE2850A}.Release|Any CPU.Build.0 = Release|Any CPU
	EndGlobalSection
	GlobalSection(SolutionProperties) = preSolution
		HideSolutionNode = FALSE
	EndGlobalSection
EndGlobal
